// !$*UTF8*$!
{
	archiveVersion = 1;
	classes = {
	};
	objectVersion = 46;
	objects = {

/* Begin PBXBuildFile section */
		F6A3BDC41CA014B00086DC38 /* AppDelegate.swift in Sources */ = {isa = PBXBuildFile; fileRef = F6A3BDC31CA014B00086DC38 /* AppDelegate.swift */; };
		F6A3BDC61CA014B00086DC38 /* ViewController.swift in Sources */ = {isa = PBXBuildFile; fileRef = F6A3BDC51CA014B00086DC38 /* ViewController.swift */; };
		F6A3BDC91CA014B00086DC38 /* Main.storyboard in Resources */ = {isa = PBXBuildFile; fileRef = F6A3BDC71CA014B00086DC38 /* Main.storyboard */; };
		F6A3BDCB1CA014B00086DC38 /* Assets.xcassets in Resources */ = {isa = PBXBuildFile; fileRef = F6A3BDCA1CA014B00086DC38 /* Assets.xcassets */; };
		F6A3BDCE1CA014B00086DC38 /* LaunchScreen.storyboard in Resources */ = {isa = PBXBuildFile; fileRef = F6A3BDCC1CA014B00086DC38 /* LaunchScreen.storyboard */; };
		F6A3BDD91CA014B00086DC38 /* _833_3_21Tests.swift in Sources */ = {isa = PBXBuildFile; fileRef = F6A3BDD81CA014B00086DC38 /* _833_3_21Tests.swift */; };
		F6A3BDE41CA014B00086DC38 /* _833_3_21UITests.swift in Sources */ = {isa = PBXBuildFile; fileRef = F6A3BDE31CA014B00086DC38 /* _833_3_21UITests.swift */; };
/* End PBXBuildFile section */

/* Begin PBXContainerItemProxy section */
		F6A3BDD51CA014B00086DC38 /* PBXContainerItemProxy */ = {
			isa = PBXContainerItemProxy;
			containerPortal = F6A3BDB81CA014B00086DC38 /* Project object */;
			proxyType = 1;
			remoteGlobalIDString = F6A3BDBF1CA014B00086DC38;
			remoteInfo = 5833_3.21;
		};
		F6A3BDE01CA014B00086DC38 /* PBXContainerItemProxy */ = {
			isa = PBXContainerItemProxy;
			containerPortal = F6A3BDB81CA014B00086DC38 /* Project object */;
			proxyType = 1;
			remoteGlobalIDString = F6A3BDBF1CA014B00086DC38;
			remoteInfo = 5833_3.21;
		};
/* End PBXContainerItemProxy section */

/* Begin PBXFileReference section */
		F6A3BDC01CA014B00086DC38 /* 5833_3.21.app */ = {isa = PBXFileReference; explicitFileType = wrapper.application; includeInIndex = 0; path = 5833_3.21.app; sourceTree = BUILT_PRODUCTS_DIR; };
		F6A3BDC31CA014B00086DC38 /* AppDelegate.swift */ = {isa = PBXFileReference; lastKnownFileType = sourcecode.swift; path = AppDelegate.swift; sourceTree = "<group>"; };
		F6A3BDC51CA014B00086DC38 /* ViewController.swift */ = {isa = PBXFileReference; lastKnownFileType = sourcecode.swift; path = ViewController.swift; sourceTree = "<group>"; };
		F6A3BDC81CA014B00086DC38 /* Base */ = {isa = PBXFileReference; lastKnownFileType = file.storyboard; name = Base; path = Base.lproj/Main.storyboard; sourceTree = "<group>"; };
		F6A3BDCA1CA014B00086DC38 /* Assets.xcassets */ = {isa = PBXFileReference; lastKnownFileType = folder.assetcatalog; path = Assets.xcassets; sourceTree = "<group>"; };
		F6A3BDCD1CA014B00086DC38 /* Base */ = {isa = PBXFileReference; lastKnownFileType = file.storyboard; name = Base; path = Base.lproj/LaunchScreen.storyboard; sourceTree = "<group>"; };
		F6A3BDCF1CA014B00086DC38 /* Info.plist */ = {isa = PBXFileReference; lastKnownFileType = text.plist.xml; path = Info.plist; sourceTree = "<group>"; };
		F6A3BDD41CA014B00086DC38 /* 5833_3.21Tests.xctest */ = {isa = PBXFileReference; explicitFileType = wrapper.cfbundle; includeInIndex = 0; path = 5833_3.21Tests.xctest; sourceTree = BUILT_PRODUCTS_DIR; };
		F6A3BDD81CA014B00086DC38 /* _833_3_21Tests.swift */ = {isa = PBXFileReference; lastKnownFileType = sourcecode.swift; path = _833_3_21Tests.swift; sourceTree = "<group>"; };
		F6A3BDDA1CA014B00086DC38 /* Info.plist */ = {isa = PBXFileReference; lastKnownFileType = text.plist.xml; path = Info.plist; sourceTree = "<group>"; };
		F6A3BDDF1CA014B00086DC38 /* 5833_3.21UITests.xctest */ = {isa = PBXFileReference; explicitFileType = wrapper.cfbundle; includeInIndex = 0; path = 5833_3.21UITests.xctest; sourceTree = BUILT_PRODUCTS_DIR; };
		F6A3BDE31CA014B00086DC38 /* _833_3_21UITests.swift */ = {isa = PBXFileReference; lastKnownFileType = sourcecode.swift; path = _833_3_21UITests.swift; sourceTree = "<group>"; };
		F6A3BDE51CA014B00086DC38 /* Info.plist */ = {isa = PBXFileReference; lastKnownFileType = text.plist.xml; path = Info.plist; sourceTree = "<group>"; };
/* End PBXFileReference section */

/* Begin PBXFrameworksBuildPhase section */
		F6A3BDBD1CA014B00086DC38 /* Frameworks */ = {
			isa = PBXFrameworksBuildPhase;
			buildActionMask = 2147483647;
			files = (
			);
			runOnlyForDeploymentPostprocessing = 0;
		};
		F6A3BDD11CA014B00086DC38 /* Frameworks */ = {
			isa = PBXFrameworksBuildPhase;
			buildActionMask = 2147483647;
			files = (
			);
			runOnlyForDeploymentPostprocessing = 0;
		};
		F6A3BDDC1CA014B00086DC38 /* Frameworks */ = {
			isa = PBXFrameworksBuildPhase;
			buildActionMask = 2147483647;
			files = (
			);
			runOnlyForDeploymentPostprocessing = 0;
		};
/* End PBXFrameworksBuildPhase section */

/* Begin PBXGroup section */
		F6A3BDB71CA014B00086DC38 = {
			isa = PBXGroup;
			children = (
				F6A3BDC21CA014B00086DC38 /* 5833_3.21 */,
				F6A3BDD71CA014B00086DC38 /* 5833_3.21Tests */,
				F6A3BDE21CA014B00086DC38 /* 5833_3.21UITests */,
				F6A3BDC11CA014B00086DC38 /* Products */,
			);
			sourceTree = "<group>";
		};
		F6A3BDC11CA014B00086DC38 /* Products */ = {
			isa = PBXGroup;
			children = (
				F6A3BDC01CA014B00086DC38 /* 5833_3.21.app */,
				F6A3BDD41CA014B00086DC38 /* 5833_3.21Tests.xctest */,
				F6A3BDDF1CA014B00086DC38 /* 5833_3.21UITests.xctest */,
			);
			name = Products;
			sourceTree = "<group>";
		};
		F6A3BDC21CA014B00086DC38 /* 5833_3.21 */ = {
			isa = PBXGroup;
			children = (
				F6A3BDC31CA014B00086DC38 /* AppDelegate.swift */,
				F6A3BDC51CA014B00086DC38 /* ViewController.swift */,
				F6A3BDC71CA014B00086DC38 /* Main.storyboard */,
				F6A3BDCA1CA014B00086DC38 /* Assets.xcassets */,
				F6A3BDCC1CA014B00086DC38 /* LaunchScreen.storyboard */,
				F6A3BDCF1CA014B00086DC38 /* Info.plist */,
			);
			path = 5833_3.21;
			sourceTree = "<group>";
		};
		F6A3BDD71CA014B00086DC38 /* 5833_3.21Tests */ = {
			isa = PBXGroup;
			children = (
				F6A3BDD81CA014B00086DC38 /* _833_3_21Tests.swift */,
				F6A3BDDA1CA014B00086DC38 /* Info.plist */,
			);
			path = 5833_3.21Tests;
			sourceTree = "<group>";
		};
		F6A3BDE21CA014B00086DC38 /* 5833_3.21UITests */ = {
			isa = PBXGroup;
			children = (
				F6A3BDE31CA014B00086DC38 /* _833_3_21UITests.swift */,
				F6A3BDE51CA014B00086DC38 /* Info.plist */,
			);
			path = 5833_3.21UITests;
			sourceTree = "<group>";
		};
/* End PBXGroup section */

/* Begin PBXNativeTarget section */
		F6A3BDBF1CA014B00086DC38 /* 5833_3.21 */ = {
			isa = PBXNativeTarget;
			buildConfigurationList = F6A3BDE81CA014B00086DC38 /* Build configuration list for PBXNativeTarget "5833_3.21" */;
			buildPhases = (
				F6A3BDBC1CA014B00086DC38 /* Sources */,
				F6A3BDBD1CA014B00086DC38 /* Frameworks */,
				F6A3BDBE1CA014B00086DC38 /* Resources */,
			);
			buildRules = (
			);
			dependencies = (
			);
			name = 5833_3.21;
			productName = 5833_3.21;
			productReference = F6A3BDC01CA014B00086DC38 /* 5833_3.21.app */;
			productType = "com.apple.product-type.application";
		};
		F6A3BDD31CA014B00086DC38 /* 5833_3.21Tests */ = {
			isa = PBXNativeTarget;
			buildConfigurationList = F6A3BDEB1CA014B00086DC38 /* Build configuration list for PBXNativeTarget "5833_3.21Tests" */;
			buildPhases = (
				F6A3BDD01CA014B00086DC38 /* Sources */,
				F6A3BDD11CA014B00086DC38 /* Frameworks */,
				F6A3BDD21CA014B00086DC38 /* Resources */,
			);
			buildRules = (
			);
			dependencies = (
				F6A3BDD61CA014B00086DC38 /* PBXTargetDependency */,
			);
			name = 5833_3.21Tests;
			productName = 5833_3.21Tests;
			productReference = F6A3BDD41CA014B00086DC38 /* 5833_3.21Tests.xctest */;
			productType = "com.apple.product-type.bundle.unit-test";
		};
		F6A3BDDE1CA014B00086DC38 /* 5833_3.21UITests */ = {
			isa = PBXNativeTarget;
			buildConfigurationList = F6A3BDEE1CA014B00086DC38 /* Build configuration list for PBXNativeTarget "5833_3.21UITests" */;
			buildPhases = (
				F6A3BDDB1CA014B00086DC38 /* Sources */,
				F6A3BDDC1CA014B00086DC38 /* Frameworks */,
				F6A3BDDD1CA014B00086DC38 /* Resources */,
			);
			buildRules = (
			);
			dependencies = (
				F6A3BDE11CA014B00086DC38 /* PBXTargetDependency */,
			);
			name = 5833_3.21UITests;
			productName = 5833_3.21UITests;
			productReference = F6A3BDDF1CA014B00086DC38 /* 5833_3.21UITests.xctest */;
			productType = "com.apple.product-type.bundle.ui-testing";
		};
/* End PBXNativeTarget section */

/* Begin PBXProject section */
		F6A3BDB81CA014B00086DC38 /* Project object */ = {
			isa = PBXProject;
			attributes = {
				LastUpgradeCheck = 0710;
				ORGANIZATIONNAME = zx5833;
				TargetAttributes = {
					F6A3BDBF1CA014B00086DC38 = {
						CreatedOnToolsVersion = 7.1;
					};
					F6A3BDD31CA014B00086DC38 = {
						CreatedOnToolsVersion = 7.1;
						TestTargetID = F6A3BDBF1CA014B00086DC38;
					};
					F6A3BDDE1CA014B00086DC38 = {
						CreatedOnToolsVersion = 7.1;
						TestTargetID = F6A3BDBF1CA014B00086DC38;
					};
				};
			};
			buildConfigurationList = F6A3BDBB1CA014B00086DC38 /* Build configuration list for PBXProject "5833_3.21" */;
			compatibilityVersion = "Xcode 3.2";
			developmentRegion = English;
			hasScannedForEncodings = 0;
			knownRegions = (
				en,
				Base,
			);
			mainGroup = F6A3BDB71CA014B00086DC38;
			productRefGroup = F6A3BDC11CA014B00086DC38 /* Products */;
			projectDirPath = "";
			projectRoot = "";
			targets = (
				F6A3BDBF1CA014B00086DC38 /* 5833_3.21 */,
				F6A3BDD31CA014B00086DC38 /* 5833_3.21Tests */,
				F6A3BDDE1CA014B00086DC38 /* 5833_3.21UITests */,
			);
		};
/* End PBXProject section */

/* Begin PBXResourcesBuildPhase section */
		F6A3BDBE1CA014B00086DC38 /* Resources */ = {
			isa = PBXResourcesBuildPhase;
			buildActionMask = 2147483647;
			files = (
				F6A3BDCE1CA014B00086DC38 /* LaunchScreen.storyboard in Resources */,
				F6A3BDCB1CA014B00086DC38 /* Assets.xcassets in Resources */,
				F6A3BDC91CA014B00086DC38 /* Main.storyboard in Resources */,
			);
			runOnlyForDeploymentPostprocessing = 0;
		};
		F6A3BDD21CA014B00086DC38 /* Resources */ = {
			isa = PBXResourcesBuildPhase;
			buildActionMask = 2147483647;
			files = (
			);
			runOnlyForDeploymentPostprocessing = 0;
		};
		F6A3BDDD1CA014B00086DC38 /* Resources */ = {
			isa = PBXResourcesBuildPhase;
			buildActionMask = 2147483647;
			files = (
			);
			runOnlyForDeploymentPostprocessing = 0;
		};
/* End PBXResourcesBuildPhase section */

/* Begin PBXSourcesBuildPhase section */
		F6A3BDBC1CA014B00086DC38 /* Sources */ = {
			isa = PBXSourcesBuildPhase;
			buildActionMask = 2147483647;
			files = (
				F6A3BDC61CA014B00086DC38 /* ViewController.swift in Sources */,
				F6A3BDC41CA014B00086DC38 /* AppDelegate.swift in Sources */,
			);
			runOnlyForDeploymentPostprocessing = 0;
		};
		F6A3BDD01CA014B00086DC38 /* Sources */ = {
			isa = PBXSourcesBuildPhase;
			buildActionMask = 2147483647;
			files = (
				F6A3BDD91CA014B00086DC38 /* _833_3_21Tests.swift in Sources */,
			);
			runOnlyForDeploymentPostprocessing = 0;
		};
		F6A3BDDB1CA014B00086DC38 /* Sources */ = {
			isa = PBXSourcesBuildPhase;
			buildActionMask = 2147483647;
			files = (
				F6A3BDE41CA014B00086DC38 /* _833_3_21UITests.swift in Sources */,
			);
			runOnlyForDeploymentPostprocessing = 0;
		};
/* End PBXSourcesBuildPhase section */

/* Begin PBXTargetDependency section */
		F6A3BDD61CA014B00086DC38 /* PBXTargetDependency */ = {
			isa = PBXTargetDependency;
			target = F6A3BDBF1CA014B00086DC38 /* 5833_3.21 */;
			targetProxy = F6A3BDD51CA014B00086DC38 /* PBXContainerItemProxy */;
		};
		F6A3BDE11CA014B00086DC38 /* PBXTargetDependency */ = {
			isa = PBXTargetDependency;
			target = F6A3BDBF1CA014B00086DC38 /* 5833_3.21 */;
			targetProxy = F6A3BDE01CA014B00086DC38 /* PBXContainerItemProxy */;
		};
/* End PBXTargetDependency section */

/* Begin PBXVariantGroup section */
		F6A3BDC71CA014B00086DC38 /* Main.storyboard */ = {
			isa = PBXVariantGroup;
			children = (
				F6A3BDC81CA014B00086DC38 /* Base */,
			);
			name = Main.storyboard;
			sourceTree = "<group>";
		};
		F6A3BDCC1CA014B00086DC38 /* LaunchScreen.storyboard */ = {
			isa = PBXVariantGroup;
			children = (
				F6A3BDCD1CA014B00086DC38 /* Base */,
			);
			name = LaunchScreen.storyboard;
			sourceTree = "<group>";
		};
/* End PBXVariantGroup section */

/* Begin XCBuildConfiguration section */
		F6A3BDE61CA014B00086DC38 /* Debug */ = {
			isa = XCBuildConfiguration;
			buildSettings = {
				ALWAYS_SEARCH_USER_PATHS = NO;
				CLANG_CXX_LANGUAGE_STANDARD = "gnu++0x";
				CLANG_CXX_LIBRARY = "libc++";
				CLANG_ENABLE_MODULES = YES;
				CLANG_ENABLE_OBJC_ARC = YES;
				CLANG_WARN_BOOL_CONVERSION = YES;
				CLANG_WARN_CONSTANT_CONVERSION = YES;
				CLANG_WARN_DIRECT_OBJC_ISA_USAGE = YES_ERROR;
				CLANG_WARN_EMPTY_BODY = YES;
				CLANG_WARN_ENUM_CONVERSION = YES;
				CLANG_WARN_INT_CONVERSION = YES;
				CLANG_WARN_OBJC_ROOT_CLASS = YES_ERROR;
				CLANG_WARN_UNREACHABLE_CODE = YES;
				CLANG_WARN__DUPLICATE_METHOD_MATCH = YES;
				"CODE_SIGN_IDENTITY[sdk=iphoneos*]" = "iPhone Developer";
				COPY_PHASE_STRIP = NO;
				DEBUG_INFORMATION_FORMAT = dwarf;
				ENABLE_STRICT_OBJC_MSGSEND = YES;
				ENABLE_TESTABILITY = YES;
				GCC_C_LANGUAGE_STANDARD = gnu99;
				GCC_DYNAMIC_NO_PIC = NO;
				GCC_NO_COMMON_BLOCKS = YES;
				GCC_OPTIMIZATION_LEVEL = 0;
				GCC_PREPROCESSOR_DEFINITIONS = (
					"DEBUG=1",
					"$(inherited)",
				);
				GCC_WARN_64_TO_32_BIT_CONVERSION = YES;
				GCC_WARN_ABOUT_RETURN_TYPE = YES_ERROR;
				GCC_WARN_UNDECLARED_SELECTOR = YES;
				GCC_WARN_UNINITIALIZED_AUTOS = YES_AGGRESSIVE;
				GCC_WARN_UNUSED_FUNCTION = YES;
				GCC_WARN_UNUSED_VARIABLE = YES;
				IPHONEOS_DEPLOYMENT_TARGET = 9.1;
				MTL_ENABLE_DEBUG_INFO = YES;
				ONLY_ACTIVE_ARCH = YES;
				SDKROOT = iphoneos;
				SWIFT_OPTIMIZATION_LEVEL = "-Onone";
				TARGETED_DEVICE_FAMILY = "1,2";
			};
			name = Debug;
		};
		F6A3BDE71CA014B00086DC38 /* Release */ = {
			isa = XCBuildConfiguration;
			buildSettings = {
				ALWAYS_SEARCH_USER_PATHS = NO;
				CLANG_CXX_LANGUAGE_STANDARD = "gnu++0x";
				CLANG_CXX_LIBRARY = "libc++";
				CLANG_ENABLE_MODULES = YES;
				CLANG_ENABLE_OBJC_ARC = YES;
				CLANG_WARN_BOOL_CONVERSION = YES;
				CLANG_WARN_CONSTANT_CONVERSION = YES;
				CLANG_WARN_DIRECT_OBJC_ISA_USAGE = YES_ERROR;
				CLANG_WARN_EMPTY_BODY = YES;
				CLANG_WARN_ENUM_CONVERSION = YES;
				CLANG_WARN_INT_CONVERSION = YES;
				CLANG_WARN_OBJC_ROOT_CLASS = YES_ERROR;
				CLANG_WARN_UNREACHABLE_CODE = YES;
				CLANG_WARN__DUPLICATE_METHOD_MATCH = YES;
				"CODE_SIGN_IDENTITY[sdk=iphoneos*]" = "iPhone Developer";
				COPY_PHASE_STRIP = NO;
				DEBUG_INFORMATION_FORMAT = "dwarf-with-dsym";
				ENABLE_NS_ASSERTIONS = NO;
				ENABLE_STRICT_OBJC_MSGSEND = YES;
				GCC_C_LANGUAGE_STANDARD = gnu99;
				GCC_NO_COMMON_BLOCKS = YES;
				GCC_WARN_64_TO_32_BIT_CONVERSION = YES;
				GCC_WARN_ABOUT_RETURN_TYPE = YES_ERROR;
				GCC_WARN_UNDECLARED_SELECTOR = YES;
				GCC_WARN_UNINITIALIZED_AUTOS = YES_AGGRESSIVE;
				GCC_WARN_UNUSED_FUNCTION = YES;
				GCC_WARN_UNUSED_VARIABLE = YES;
				IPHONEOS_DEPLOYMENT_TARGET = 9.1;
				MTL_ENABLE_DEBUG_INFO = NO;
				SDKROOT = iphoneos;
				TARGETED_DEVICE_FAMILY = "1,2";
				VALIDATE_PRODUCT = YES;
			};
			name = Release;
		};
		F6A3BDE91CA014B00086DC38 /* Debug */ = {
			isa = XCBuildConfiguration;
			buildSettings = {
				ASSETCATALOG_COMPILER_APPICON_NAME = AppIcon;
				INFOPLIST_FILE = 5833_3.21/Info.plist;
				LD_RUNPATH_SEARCH_PATHS = "$(inherited) @executable_path/Frameworks";
				PRODUCT_BUNDLE_IDENTIFIER = "imnu.edu.cn.-833-3-21";
				PRODUCT_NAME = "$(TARGET_NAME)";
			};
			name = Debug;
		};
		F6A3BDEA1CA014B00086DC38 /* Release */ = {
			isa = XCBuildConfiguration;
			buildSettings = {
				ASSETCATALOG_COMPILER_APPICON_NAME = AppIcon;
				INFOPLIST_FILE = 5833_3.21/Info.plist;
				LD_RUNPATH_SEARCH_PATHS = "$(inherited) @executable_path/Frameworks";
				PRODUCT_BUNDLE_IDENTIFIER = "imnu.edu.cn.-833-3-21";
				PRODUCT_NAME = "$(TARGET_NAME)";
			};
			name = Release;
		};
		F6A3BDEC1CA014B00086DC38 /* Debug */ = {
			isa = XCBuildConfiguration;
			buildSettings = {
				BUNDLE_LOADER = "$(TEST_HOST)";
				INFOPLIST_FILE = 5833_3.21Tests/Info.plist;
				LD_RUNPATH_SEARCH_PATHS = "$(inherited) @executable_path/Frameworks @loader_path/Frameworks";
				PRODUCT_BUNDLE_IDENTIFIER = "imnu.edu.cn.-833-3-21Tests";
				PRODUCT_NAME = "$(TARGET_NAME)";
				TEST_HOST = "$(BUILT_PRODUCTS_DIR)/5833_3.21.app/5833_3.21";
			};
			name = Debug;
		};
		F6A3BDED1CA014B00086DC38 /* Release */ = {
			isa = XCBuildConfiguration;
			buildSettings = {
				BUNDLE_LOADER = "$(TEST_HOST)";
				INFOPLIST_FILE = 5833_3.21Tests/Info.plist;
				LD_RUNPATH_SEARCH_PATHS = "$(inherited) @executable_path/Frameworks @loader_path/Frameworks";
				PRODUCT_BUNDLE_IDENTIFIER = "imnu.edu.cn.-833-3-21Tests";
				PRODUCT_NAME = "$(TARGET_NAME)";
				TEST_HOST = "$(BUILT_PRODUCTS_DIR)/5833_3.21.app/5833_3.21";
			};
			name = Release;
		};
		F6A3BDEF1CA014B00086DC38 /* Debug */ = {
			isa = XCBuildConfiguration;
			buildSettings = {
				INFOPLIST_FILE = 5833_3.21UITests/Info.plist;
				LD_RUNPATH_SEARCH_PATHS = "$(inherited) @executable_path/Frameworks @loader_path/Frameworks";
				PRODUCT_BUNDLE_IDENTIFIER = "imnu.edu.cn.-833-3-21UITests";
				PRODUCT_NAME = "$(TARGET_NAME)";
				TEST_TARGET_NAME = 5833_3.21;
				USES_XCTRUNNER = YES;
			};
			name = Debug;
		};
		F6A3BDF01CA014B00086DC38 /* Release */ = {
			isa = XCBuildConfiguration;
			buildSettings = {
				INFOPLIST_FILE = 5833_3.21UITests/Info.plist;
				LD_RUNPATH_SEARCH_PATHS = "$(inherited) @executable_path/Frameworks @loader_path/Frameworks";
				PRODUCT_BUNDLE_IDENTIFIER = "imnu.edu.cn.-833-3-21UITests";
				PRODUCT_NAME = "$(TARGET_NAME)";
				TEST_TARGET_NAME = 5833_3.21;
				USES_XCTRUNNER = YES;
			};
			name = Release;
		};
/* End XCBuildConfiguration section */

/* Begin XCConfigurationList section */
		F6A3BDBB1CA014B00086DC38 /* Build configuration list for PBXProject "5833_3.21" */ = {
			isa = XCConfigurationList;
			buildConfigurations = (
				F6A3BDE61CA014B00086DC38 /* Debug */,
				F6A3BDE71CA014B00086DC38 /* Release */,
			);
			defaultConfigurationIsVisible = 0;
			defaultConfigurationName = Release;
		};
		F6A3BDE81CA014B00086DC38 /* Build configuration list for PBXNativeTarget "5833_3.21" */ = {
			isa = XCConfigurationList;
			buildConfigurations = (
				F6A3BDE91CA014B00086DC38 /* Debug */,
				F6A3BDEA1CA014B00086DC38 /* Release */,
			);
			defaultConfigurationIsVisible = 0;
		};
		F6A3BDEB1CA014B00086DC38 /* Build configuration list for PBXNativeTarget "5833_3.21Tests" */ = {
			isa = XCConfigurationList;
			buildConfigurations = (
				F6A3BDEC1CA014B00086DC38 /* Debug */,
				F6A3BDED1CA014B00086DC38 /* Release */,
			);
			defaultConfigurationIsVisible = 0;
		};
		F6A3BDEE1CA014B00086DC38 /* Build configuration list for PBXNativeTarget "5833_3.21UITests" */ = {
			isa = XCConfigurationList;
			buildConfigurations = (
				F6A3BDEF1CA014B00086DC38 /* Debug */,
				F6A3BDF01CA014B00086DC38 /* Release */,
			);
			defaultConfigurationIsVisible = 0;
		};
/* End XCConfigurationList section */
	};
	rootObject = F6A3BDB81CA014B00086DC38 /* Project object */;
}
